
Microsoft Visual Studio Solution File, Format Version 12.00
# Visual Studio 15
VisualStudioVersion = 15.0.27130.2027
MinimumVisualStudioVersion = 10.0.40219.1
Project("{FAE04EC0-301F-11D3-BF4B-00C04F79EFBC}") = "NikiCars.Data", "NikiCars.Data\NikiCars.Data.csproj", "{76488678-5C35-4B36-A81B-BAF0A532B26F}"
EndProject
Project("{FAE04EC0-301F-11D3-BF4B-00C04F79EFBC}") = "NikiCars.Data.Models", "NikiCars.Data.Models\NikiCars.Data.Models.csproj", "{D28F0078-F301-4062-B405-45CD6D39FB2B}"
EndProject
Project("{FAE04EC0-301F-11D3-BF4B-00C04F79EFBC}") = "NikiCars.Services", "NikiCars.Services\NikiCars.Services.csproj", "{342DD602-4970-4185-A99F-82E6F57E8455}"
EndProject
Project("{FAE04EC0-301F-11D3-BF4B-00C04F79EFBC}") = "NikiCars.Console", "NikiCars.Console\NikiCars.Console.csproj", "{6ECFE429-3D3A-4767-84BF-59197E2F580D}"
EndProject
Project("{FAE04EC0-301F-11D3-BF4B-00C04F79EFBC}") = "NikiCars.Command.Interfaces", "NikiCars.Command.Interfaces\NikiCars.Command.Interfaces.csproj", "{CE437A78-8594-4C7D-B618-43B57287117F}"
EndProject
Project("{FAE04EC0-301F-11D3-BF4B-00C04F79EFBC}") = "NikiCars.Command.Validation", "NikiCars.Command.Validation\NikiCars.Command.Validation.csproj", "{EADB2AA0-EB75-4119-BF04-CD59C7BAAC38}"
EndProject
Project("{FAE04EC0-301F-11D3-BF4B-00C04F79EFBC}") = "NikiCars.Services.Interfaces", "NikiCars.Services.Interfaces\NikiCars.Services.Interfaces.csproj", "{CF9F2650-6EBB-46AB-8F57-B1496CD04215}"
EndProject
Project("{FAE04EC0-301F-11D3-BF4B-00C04F79EFBC}") = "NikiCars.Data.Interfaces", "NikiCars.Data.Interfaces\NikiCars.Data.Interfaces.csproj", "{D7CFA203-D0F9-41B9-B853-7738CAE791A2}"
EndProject
Project("{FAE04EC0-301F-11D3-BF4B-00C04F79EFBC}") = "NikiCars.Command.Client", "NikiCars.Command.Client\NikiCars.Command.Client.csproj", "{3182E3AB-779D-4419-A1B6-617A3F724EA9}"
EndProject
Project("{FAE04EC0-301F-11D3-BF4B-00C04F79EFBC}") = "NikiCars.Common", "NikiCars.Common\NikiCars.Common.csproj", "{BA39C19F-9826-499A-BE04-07B287601985}"
EndProject
Project("{FAE04EC0-301F-11D3-BF4B-00C04F79EFBC}") = "NikiCars.Authentication", "NikiCars.Authentication\NikiCars.Authentication.csproj", "{47665DB2-5194-4E58-A9D1-87508BFA8153}"
EndProject
Project("{FAE04EC0-301F-11D3-BF4B-00C04F79EFBC}") = "NikiCars.Command.Framework", "NikiCars.Command.Framework\NikiCars.Command.Framework.csproj", "{63FCA2E4-17E0-4CAD-9379-8A1AB41E17B6}"
EndProject
Project("{FAE04EC0-301F-11D3-BF4B-00C04F79EFBC}") = "NikiCars.Dependancy", "NikiCars.Dependancy\NikiCars.Dependancy.csproj", "{22146019-DD23-42C7-95AA-4B9BBED4EDB1}"
EndProject
Project("{FAE04EC0-301F-11D3-BF4B-00C04F79EFBC}") = "NikiCars.DependencyExtentions", "NikiCars.DependencyExtentions\NikiCars.DependencyExtentions.csproj", "{C11ADC3A-4002-445E-976F-7023D6DE706C}"
EndProject
Project("{FAE04EC0-301F-11D3-BF4B-00C04F79EFBC}") = "NikiCars.Utility", "NikiCars.Utility\NikiCars.Utility.csproj", "{346A7ACB-2364-4F7F-B2FC-0AFA9AEF816C}"
EndProject
Project("{FAE04EC0-301F-11D3-BF4B-00C04F79EFBC}") = "NikiCars.Models", "NikiCars.Models\NikiCars.Models.csproj", "{6AC0948E-2F50-4C45-AC2B-7FC490D951B6}"
EndProject
Project("{FAE04EC0-301F-11D3-BF4B-00C04F79EFBC}") = "NikiCars.Services.Mapping", "NikiCars.Services.Mapping\NikiCars.Services.Mapping.csproj", "{BEBC1E1B-B23B-4405-9EAE-373513F59491}"
EndProject
Project("{FAE04EC0-301F-11D3-BF4B-00C04F79EFBC}") = "NikiCars.Data.Revisions", "NikiCars.Data.Revisions\NikiCars.Data.Revisions.csproj", "{8CB8C335-1CC0-409E-9C7A-4CCA2BF06EC2}"
EndProject
Project("{FAE04EC0-301F-11D3-BF4B-00C04F79EFBC}") = "NikiCars.Search", "NikiCars.Search\NikiCars.Search.csproj", "{B6789A4B-17D1-4963-BBAB-93C4A10F0369}"
EndProject
Global
	GlobalSection(SolutionConfigurationPlatforms) = preSolution
		Debug|Any CPU = Debug|Any CPU
		Release|Any CPU = Release|Any CPU
	EndGlobalSection
	GlobalSection(ProjectConfigurationPlatforms) = postSolution
		{76488678-5C35-4B36-A81B-BAF0A532B26F}.Debug|Any CPU.ActiveCfg = Debug|Any CPU
		{76488678-5C35-4B36-A81B-BAF0A532B26F}.Debug|Any CPU.Build.0 = Debug|Any CPU
		{76488678-5C35-4B36-A81B-BAF0A532B26F}.Release|Any CPU.ActiveCfg = Release|Any CPU
		{76488678-5C35-4B36-A81B-BAF0A532B26F}.Release|Any CPU.Build.0 = Release|Any CPU
		{D28F0078-F301-4062-B405-45CD6D39FB2B}.Debug|Any CPU.ActiveCfg = Debug|Any CPU
		{D28F0078-F301-4062-B405-45CD6D39FB2B}.Debug|Any CPU.Build.0 = Debug|Any CPU
		{D28F0078-F301-4062-B405-45CD6D39FB2B}.Release|Any CPU.ActiveCfg = Release|Any CPU
		{D28F0078-F301-4062-B405-45CD6D39FB2B}.Release|Any CPU.Build.0 = Release|Any CPU
		{342DD602-4970-4185-A99F-82E6F57E8455}.Debug|Any CPU.ActiveCfg = Debug|Any CPU
		{342DD602-4970-4185-A99F-82E6F57E8455}.Debug|Any CPU.Build.0 = Debug|Any CPU
		{342DD602-4970-4185-A99F-82E6F57E8455}.Release|Any CPU.ActiveCfg = Release|Any CPU
		{342DD602-4970-4185-A99F-82E6F57E8455}.Release|Any CPU.Build.0 = Release|Any CPU
		{6ECFE429-3D3A-4767-84BF-59197E2F580D}.Debug|Any CPU.ActiveCfg = Debug|Any CPU
		{6ECFE429-3D3A-4767-84BF-59197E2F580D}.Debug|Any CPU.Build.0 = Debug|Any CPU
		{6ECFE429-3D3A-4767-84BF-59197E2F580D}.Release|Any CPU.ActiveCfg = Release|Any CPU
		{6ECFE429-3D3A-4767-84BF-59197E2F580D}.Release|Any CPU.Build.0 = Release|Any CPU
		{CE437A78-8594-4C7D-B618-43B57287117F}.Debug|Any CPU.ActiveCfg = Debug|Any CPU
		{CE437A78-8594-4C7D-B618-43B57287117F}.Debug|Any CPU.Build.0 = Debug|Any CPU
		{CE437A78-8594-4C7D-B618-43B57287117F}.Release|Any CPU.ActiveCfg = Release|Any CPU
		{CE437A78-8594-4C7D-B618-43B57287117F}.Release|Any CPU.Build.0 = Release|Any CPU
		{EADB2AA0-EB75-4119-BF04-CD59C7BAAC38}.Debug|Any CPU.ActiveCfg = Debug|Any CPU
		{EADB2AA0-EB75-4119-BF04-CD59C7BAAC38}.Debug|Any CPU.Build.0 = Debug|Any CPU
		{EADB2AA0-EB75-4119-BF04-CD59C7BAAC38}.Release|Any CPU.ActiveCfg = Release|Any CPU
		{EADB2AA0-EB75-4119-BF04-CD59C7BAAC38}.Release|Any CPU.Build.0 = Release|Any CPU
		{CF9F2650-6EBB-46AB-8F57-B1496CD04215}.Debug|Any CPU.ActiveCfg = Debug|Any CPU
		{CF9F2650-6EBB-46AB-8F57-B1496CD04215}.Debug|Any CPU.Build.0 = Debug|Any CPU
		{CF9F2650-6EBB-46AB-8F57-B1496CD04215}.Release|Any CPU.ActiveCfg = Release|Any CPU
		{CF9F2650-6EBB-46AB-8F57-B1496CD04215}.Release|Any CPU.Build.0 = Release|Any CPU
		{D7CFA203-D0F9-41B9-B853-7738CAE791A2}.Debug|Any CPU.ActiveCfg = Debug|Any CPU
		{D7CFA203-D0F9-41B9-B853-7738CAE791A2}.Debug|Any CPU.Build.0 = Debug|Any CPU
		{D7CFA203-D0F9-41B9-B853-7738CAE791A2}.Release|Any CPU.ActiveCfg = Release|Any CPU
		{D7CFA203-D0F9-41B9-B853-7738CAE791A2}.Release|Any CPU.Build.0 = Release|Any CPU
		{3182E3AB-779D-4419-A1B6-617A3F724EA9}.Debug|Any CPU.ActiveCfg = Debug|Any CPU
		{3182E3AB-779D-4419-A1B6-617A3F724EA9}.Debug|Any CPU.Build.0 = Debug|Any CPU
		{3182E3AB-779D-4419-A1B6-617A3F724EA9}.Release|Any CPU.ActiveCfg = Release|Any CPU
		{3182E3AB-779D-4419-A1B6-617A3F724EA9}.Release|Any CPU.Build.0 = Release|Any CPU
		{BA39C19F-9826-499A-BE04-07B287601985}.Debug|Any CPU.ActiveCfg = Debug|Any CPU
		{BA39C19F-9826-499A-BE04-07B287601985}.Debug|Any CPU.Build.0 = Debug|Any CPU
		{BA39C19F-9826-499A-BE04-07B287601985}.Release|Any CPU.ActiveCfg = Release|Any CPU
		{BA39C19F-9826-499A-BE04-07B287601985}.Release|Any CPU.Build.0 = Release|Any CPU
		{47665DB2-5194-4E58-A9D1-87508BFA8153}.Debug|Any CPU.ActiveCfg = Debug|Any CPU
		{47665DB2-5194-4E58-A9D1-87508BFA8153}.Debug|Any CPU.Build.0 = Debug|Any CPU
		{47665DB2-5194-4E58-A9D1-87508BFA8153}.Release|Any CPU.ActiveCfg = Release|Any CPU
		{47665DB2-5194-4E58-A9D1-87508BFA8153}.Release|Any CPU.Build.0 = Release|Any CPU
		{63FCA2E4-17E0-4CAD-9379-8A1AB41E17B6}.Debug|Any CPU.ActiveCfg = Debug|Any CPU
		{63FCA2E4-17E0-4CAD-9379-8A1AB41E17B6}.Debug|Any CPU.Build.0 = Debug|Any CPU
		{63FCA2E4-17E0-4CAD-9379-8A1AB41E17B6}.Release|Any CPU.ActiveCfg = Release|Any CPU
		{63FCA2E4-17E0-4CAD-9379-8A1AB41E17B6}.Release|Any CPU.Build.0 = Release|Any CPU
		{22146019-DD23-42C7-95AA-4B9BBED4EDB1}.Debug|Any CPU.ActiveCfg = Debug|Any CPU
		{22146019-DD23-42C7-95AA-4B9BBED4EDB1}.Debug|Any CPU.Build.0 = Debug|Any CPU
		{22146019-DD23-42C7-95AA-4B9BBED4EDB1}.Release|Any CPU.ActiveCfg = Release|Any CPU
		{22146019-DD23-42C7-95AA-4B9BBED4EDB1}.Release|Any CPU.Build.0 = Release|Any CPU
		{C11ADC3A-4002-445E-976F-7023D6DE706C}.Debug|Any CPU.ActiveCfg = Debug|Any CPU
		{C11ADC3A-4002-445E-976F-7023D6DE706C}.Debug|Any CPU.Build.0 = Debug|Any CPU
		{C11ADC3A-4002-445E-976F-7023D6DE706C}.Release|Any CPU.ActiveCfg = Release|Any CPU
		{C11ADC3A-4002-445E-976F-7023D6DE706C}.Release|Any CPU.Build.0 = Release|Any CPU
		{346A7ACB-2364-4F7F-B2FC-0AFA9AEF816C}.Debug|Any CPU.ActiveCfg = Debug|Any CPU
		{346A7ACB-2364-4F7F-B2FC-0AFA9AEF816C}.Debug|Any CPU.Build.0 = Debug|Any CPU
		{346A7ACB-2364-4F7F-B2FC-0AFA9AEF816C}.Release|Any CPU.ActiveCfg = Release|Any CPU
		{346A7ACB-2364-4F7F-B2FC-0AFA9AEF816C}.Release|Any CPU.Build.0 = Release|Any CPU
		{6AC0948E-2F50-4C45-AC2B-7FC490D951B6}.Debug|Any CPU.ActiveCfg = Debug|Any CPU
		{6AC0948E-2F50-4C45-AC2B-7FC490D951B6}.Debug|Any CPU.Build.0 = Debug|Any CPU
		{6AC0948E-2F50-4C45-AC2B-7FC490D951B6}.Release|Any CPU.ActiveCfg = Release|Any CPU
		{6AC0948E-2F50-4C45-AC2B-7FC490D951B6}.Release|Any CPU.Build.0 = Release|Any CPU
		{BEBC1E1B-B23B-4405-9EAE-373513F59491}.Debug|Any CPU.ActiveCfg = Debug|Any CPU
		{BEBC1E1B-B23B-4405-9EAE-373513F59491}.Debug|Any CPU.Build.0 = Debug|Any CPU
		{BEBC1E1B-B23B-4405-9EAE-373513F59491}.Release|Any CPU.ActiveCfg = Release|Any CPU
		{BEBC1E1B-B23B-4405-9EAE-373513F59491}.Release|Any CPU.Build.0 = Release|Any CPU
		{8CB8C335-1CC0-409E-9C7A-4CCA2BF06EC2}.Debug|Any CPU.ActiveCfg = Debug|Any CPU
		{8CB8C335-1CC0-409E-9C7A-4CCA2BF06EC2}.Debug|Any CPU.Build.0 = Debug|Any CPU
		{8CB8C335-1CC0-409E-9C7A-4CCA2BF06EC2}.Release|Any CPU.ActiveCfg = Release|Any CPU
		{8CB8C335-1CC0-409E-9C7A-4CCA2BF06EC2}.Release|Any CPU.Build.0 = Release|Any CPU
		{B6789A4B-17D1-4963-BBAB-93C4A10F0369}.Debug|Any CPU.ActiveCfg = Debug|Any CPU
		{B6789A4B-17D1-4963-BBAB-93C4A10F0369}.Debug|Any CPU.Build.0 = Debug|Any CPU
		{B6789A4B-17D1-4963-BBAB-93C4A10F0369}.Release|Any CPU.ActiveCfg = Release|Any CPU
		{B6789A4B-17D1-4963-BBAB-93C4A10F0369}.Release|Any CPU.Build.0 = Release|Any CPU
	EndGlobalSection
	GlobalSection(SolutionProperties) = preSolution
		HideSolutionNode = FALSE
	EndGlobalSection
	GlobalSection(ExtensibilityGlobals) = postSolution
		SolutionGuid = {DF9D5ACB-F213-4DD7-A7EF-A169F35C147B}
	EndGlobalSection
EndGlobal
